// !$*UTF8*$!
{
	archiveVersion = 1;
	classes = {
	};
	objectVersion = 77;
	objects = {

/* Begin PBXBuildFile section */
		FA1247C02EEFCED40015AB85 /* Quartz.framework in Frameworks */ = {isa = PBXBuildFile; fileRef = FA1247BF2EEFCED40015AB85 /* Quartz.framework */; };
		FA1247CC2EEFCED40015AB85 /* qlspectrumPreview.appex in Embed Foundation Extensions */ = {isa = PBXBuildFile; fileRef = FA1247BD2EEFCED40015AB85 /* qlspectrumPreview.appex */; settings = {ATTRIBUTES = (RemoveHeadersOnCopy, ); }; };
		FA1247D62EEFD2580015AB85 /* Accelerate.framework in Frameworks */ = {isa = PBXBuildFile; fileRef = FA1247D52EEFD2580015AB85 /* Accelerate.framework */; };
		FA1247D82EEFD2620015AB85 /* AVFoundation.framework in Frameworks */ = {isa = PBXBuildFile; fileRef = FA1247D72EEFD2620015AB85 /* AVFoundation.framework */; };
		FA1247DA2EEFD26A0015AB85 /* SwiftUI.framework in Frameworks */ = {isa = PBXBuildFile; fileRef = FA1247D92EEFD26A0015AB85 /* SwiftUI.framework */; };
/* End PBXBuildFile section */

/* Begin PBXContainerItemProxy section */
		FA1247992EEFCD5D0015AB85 /* PBXContainerItemProxy */ = {
			isa = PBXContainerItemProxy;
			containerPortal = FA1247832EEFCD5C0015AB85 /* Project object */;
			proxyType = 1;
			remoteGlobalIDString = FA12478A2EEFCD5C0015AB85;
			remoteInfo = qlspectrum;
		};
		FA1247A32EEFCD5D0015AB85 /* PBXContainerItemProxy */ = {
			isa = PBXContainerItemProxy;
			containerPortal = FA1247832EEFCD5C0015AB85 /* Project object */;
			proxyType = 1;
			remoteGlobalIDString = FA12478A2EEFCD5C0015AB85;
			remoteInfo = qlspectrum;
		};
		FA1247CA2EEFCED40015AB85 /* PBXContainerItemProxy */ = {
			isa = PBXContainerItemProxy;
			containerPortal = FA1247832EEFCD5C0015AB85 /* Project object */;
			proxyType = 1;
			remoteGlobalIDString = FA1247BC2EEFCED40015AB85;
			remoteInfo = qlspectrumPreview;
		};
/* End PBXContainerItemProxy section */

/* Begin PBXCopyFilesBuildPhase section */
		FA1247D12EEFCED40015AB85 /* Embed Foundation Extensions */ = {
			isa = PBXCopyFilesBuildPhase;
			buildActionMask = 2147483647;
			dstPath = "";
			dstSubfolderSpec = 13;
			files = (
				FA1247CC2EEFCED40015AB85 /* qlspectrumPreview.appex in Embed Foundation Extensions */,
			);
			name = "Embed Foundation Extensions";
			runOnlyForDeploymentPostprocessing = 0;
		};
/* End PBXCopyFilesBuildPhase section */

/* Begin PBXFileReference section */
		FA12478B2EEFCD5C0015AB85 /* qlspectrum.app */ = {isa = PBXFileReference; explicitFileType = wrapper.application; includeInIndex = 0; path = qlspectrum.app; sourceTree = BUILT_PRODUCTS_DIR; };
		FA1247982EEFCD5D0015AB85 /* qlspectrumTests.xctest */ = {isa = PBXFileReference; explicitFileType = wrapper.cfbundle; includeInIndex = 0; path = qlspectrumTests.xctest; sourceTree = BUILT_PRODUCTS_DIR; };
		FA1247A22EEFCD5D0015AB85 /* qlspectrumUITests.xctest */ = {isa = PBXFileReference; explicitFileType = wrapper.cfbundle; includeInIndex = 0; path = qlspectrumUITests.xctest; sourceTree = BUILT_PRODUCTS_DIR; };
		FA1247BD2EEFCED40015AB85 /* qlspectrumPreview.appex */ = {isa = PBXFileReference; explicitFileType = "wrapper.app-extension"; includeInIndex = 0; path = qlspectrumPreview.appex; sourceTree = BUILT_PRODUCTS_DIR; };
		FA1247BF2EEFCED40015AB85 /* Quartz.framework */ = {isa = PBXFileReference; lastKnownFileType = wrapper.framework; name = Quartz.framework; path = System/Library/Frameworks/Quartz.framework; sourceTree = SDKROOT; };
		FA1247D52EEFD2580015AB85 /* Accelerate.framework */ = {isa = PBXFileReference; lastKnownFileType = wrapper.framework; name = Accelerate.framework; path = System/Library/Frameworks/Accelerate.framework; sourceTree = SDKROOT; };
		FA1247D72EEFD2620015AB85 /* AVFoundation.framework */ = {isa = PBXFileReference; lastKnownFileType = wrapper.framework; name = AVFoundation.framework; path = System/Library/Frameworks/AVFoundation.framework; sourceTree = SDKROOT; };
		FA1247D92EEFD26A0015AB85 /* SwiftUI.framework */ = {isa = PBXFileReference; lastKnownFileType = wrapper.framework; name = SwiftUI.framework; path = System/Library/Frameworks/SwiftUI.framework; sourceTree = SDKROOT; };
/* End PBXFileReference section */

/* Begin PBXFileSystemSynchronizedBuildFileExceptionSet section */
		FA1247CD2EEFCED40015AB85 /* Exceptions for "qlspectrumPreview" folder in "qlspectrumPreview" target */ = {
			isa = PBXFileSystemSynchronizedBuildFileExceptionSet;
			membershipExceptions = (
				Info.plist,
			);
			target = FA1247BC2EEFCED40015AB85 /* qlspectrumPreview */;
		};
		FA1247D32EEFCF040015AB85 /* Exceptions for "qlspectrum" folder in "qlspectrumPreview" target */ = {
			isa = PBXFileSystemSynchronizedBuildFileExceptionSet;
			membershipExceptions = (
				AudioSpectrum.swift,
				SpectrumView.swift,
			);
			target = FA1247BC2EEFCED40015AB85 /* qlspectrumPreview */;
		};
/* End PBXFileSystemSynchronizedBuildFileExceptionSet section */

/* Begin PBXFileSystemSynchronizedRootGroup section */
		FA12478D2EEFCD5C0015AB85 /* qlspectrum */ = {
			isa = PBXFileSystemSynchronizedRootGroup;
			exceptions = (
				FA1247D32EEFCF040015AB85 /* Exceptions for "qlspectrum" folder in "qlspectrumPreview" target */,
			);
			path = qlspectrum;
			sourceTree = "<group>";
		};
		FA12479B2EEFCD5D0015AB85 /* qlspectrumTests */ = {
			isa = PBXFileSystemSynchronizedRootGroup;
			path = qlspectrumTests;
			sourceTree = "<group>";
		};
		FA1247A52EEFCD5D0015AB85 /* qlspectrumUITests */ = {
			isa = PBXFileSystemSynchronizedRootGroup;
			path = qlspectrumUITests;
			sourceTree = "<group>";
		};
		FA1247C12EEFCED40015AB85 /* qlspectrumPreview */ = {
			isa = PBXFileSystemSynchronizedRootGroup;
			exceptions = (
				FA1247CD2EEFCED40015AB85 /* Exceptions for "qlspectrumPreview" folder in "qlspectrumPreview" target */,
			);
			path = qlspectrumPreview;
			sourceTree = "<group>";
		};
/* End PBXFileSystemSynchronizedRootGroup section */

/* Begin PBXFrameworksBuildPhase section */
		FA1247882EEFCD5C0015AB85 /* Frameworks */ = {
			isa = PBXFrameworksBuildPhase;
			buildActionMask = 2147483647;
			files = (
				FA1247DA2EEFD26A0015AB85 /* SwiftUI.framework in Frameworks */,
				FA1247D82EEFD2620015AB85 /* AVFoundation.framework in Frameworks */,
				FA1247D62EEFD2580015AB85 /* Accelerate.framework in Frameworks */,
			);
			runOnlyForDeploymentPostprocessing = 0;
		};
		FA1247952EEFCD5D0015AB85 /* Frameworks */ = {
			isa = PBXFrameworksBuildPhase;
			buildActionMask = 2147483647;
			files = (
			);
			runOnlyForDeploymentPostprocessing = 0;
		};
		FA12479F2EEFCD5D0015AB85 /* Frameworks */ = {
			isa = PBXFrameworksBuildPhase;
			buildActionMask = 2147483647;
			files = (
			);
			runOnlyForDeploymentPostprocessing = 0;
		};
		FA1247BA2EEFCED40015AB85 /* Frameworks */ = {
			isa = PBXFrameworksBuildPhase;
			buildActionMask = 2147483647;
			files = (
				FA1247C02EEFCED40015AB85 /* Quartz.framework in Frameworks */,
			);
			runOnlyForDeploymentPostprocessing = 0;
		};
/* End PBXFrameworksBuildPhase section */

/* Begin PBXGroup section */
		FA1247822EEFCD5C0015AB85 = {
			isa = PBXGroup;
			children = (
				FA12478D2EEFCD5C0015AB85 /* qlspectrum */,
				FA12479B2EEFCD5D0015AB85 /* qlspectrumTests */,
				FA1247A52EEFCD5D0015AB85 /* qlspectrumUITests */,
				FA1247C12EEFCED40015AB85 /* qlspectrumPreview */,
				FA1247BE2EEFCED40015AB85 /* Frameworks */,
				FA12478C2EEFCD5C0015AB85 /* Products */,
			);
			sourceTree = "<group>";
		};
		FA12478C2EEFCD5C0015AB85 /* Products */ = {
			isa = PBXGroup;
			children = (
				FA12478B2EEFCD5C0015AB85 /* qlspectrum.app */,
				FA1247982EEFCD5D0015AB85 /* qlspectrumTests.xctest */,
				FA1247A22EEFCD5D0015AB85 /* qlspectrumUITests.xctest */,
				FA1247BD2EEFCED40015AB85 /* qlspectrumPreview.appex */,
			);
			name = Products;
			sourceTree = "<group>";
		};
		FA1247BE2EEFCED40015AB85 /* Frameworks */ = {
			isa = PBXGroup;
			children = (
				FA1247D92EEFD26A0015AB85 /* SwiftUI.framework */,
				FA1247D72EEFD2620015AB85 /* AVFoundation.framework */,
				FA1247D52EEFD2580015AB85 /* Accelerate.framework */,
				FA1247BF2EEFCED40015AB85 /* Quartz.framework */,
			);
			name = Frameworks;
			sourceTree = "<group>";
		};
/* End PBXGroup section */

/* Begin PBXNativeTarget section */
		FA12478A2EEFCD5C0015AB85 /* qlspectrum */ = {
			isa = PBXNativeTarget;
			buildConfigurationList = FA1247AC2EEFCD5D0015AB85 /* Build configuration list for PBXNativeTarget "qlspectrum" */;
			buildPhases = (
				FA1247872EEFCD5C0015AB85 /* Sources */,
				FA1247882EEFCD5C0015AB85 /* Frameworks */,
				FA1247892EEFCD5C0015AB85 /* Resources */,
				FA1247D12EEFCED40015AB85 /* Embed Foundation Extensions */,
			);
			buildRules = (
			);
			dependencies = (
				FA1247CB2EEFCED40015AB85 /* PBXTargetDependency */,
			);
			fileSystemSynchronizedGroups = (
				FA12478D2EEFCD5C0015AB85 /* qlspectrum */,
			);
			name = qlspectrum;
			packageProductDependencies = (
			);
			productName = qlspectrum;
			productReference = FA12478B2EEFCD5C0015AB85 /* qlspectrum.app */;
			productType = "com.apple.product-type.application";
		};
		FA1247972EEFCD5D0015AB85 /* qlspectrumTests */ = {
			isa = PBXNativeTarget;
			buildConfigurationList = FA1247AF2EEFCD5D0015AB85 /* Build configuration list for PBXNativeTarget "qlspectrumTests" */;
			buildPhases = (
				FA1247942EEFCD5D0015AB85 /* Sources */,
				FA1247952EEFCD5D0015AB85 /* Frameworks */,
				FA1247962EEFCD5D0015AB85 /* Resources */,
			);
			buildRules = (
			);
			dependencies = (
				FA12479A2EEFCD5D0015AB85 /* PBXTargetDependency */,
			);
			fileSystemSynchronizedGroups = (
				FA12479B2EEFCD5D0015AB85 /* qlspectrumTests */,
			);
			name = qlspectrumTests;
			packageProductDependencies = (
			);
			productName = qlspectrumTests;
			productReference = FA1247982EEFCD5D0015AB85 /* qlspectrumTests.xctest */;
			productType = "com.apple.product-type.bundle.unit-test";
		};
		FA1247A12EEFCD5D0015AB85 /* qlspectrumUITests */ = {
			isa = PBXNativeTarget;
			buildConfigurationList = FA1247B22EEFCD5D0015AB85 /* Build configuration list for PBXNativeTarget "qlspectrumUITests" */;
			buildPhases = (
				FA12479E2EEFCD5D0015AB85 /* Sources */,
				FA12479F2EEFCD5D0015AB85 /* Frameworks */,
				FA1247A02EEFCD5D0015AB85 /* Resources */,
			);
			buildRules = (
			);
			dependencies = (
				FA1247A42EEFCD5D0015AB85 /* PBXTargetDependency */,
			);
			fileSystemSynchronizedGroups = (
				FA1247A52EEFCD5D0015AB85 /* qlspectrumUITests */,
			);
			name = qlspectrumUITests;
			packageProductDependencies = (
			);
			productName = qlspectrumUITests;
			productReference = FA1247A22EEFCD5D0015AB85 /* qlspectrumUITests.xctest */;
			productType = "com.apple.product-type.bundle.ui-testing";
		};
		FA1247BC2EEFCED40015AB85 /* qlspectrumPreview */ = {
			isa = PBXNativeTarget;
			buildConfigurationList = FA1247CE2EEFCED40015AB85 /* Build configuration list for PBXNativeTarget "qlspectrumPreview" */;
			buildPhases = (
				FA1247B92EEFCED40015AB85 /* Sources */,
				FA1247BA2EEFCED40015AB85 /* Frameworks */,
				FA1247BB2EEFCED40015AB85 /* Resources */,
			);
			buildRules = (
			);
			dependencies = (
			);
			fileSystemSynchronizedGroups = (
				FA1247C12EEFCED40015AB85 /* qlspectrumPreview */,
			);
			name = qlspectrumPreview;
			packageProductDependencies = (
			);
			productName = qlspectrumPreview;
			productReference = FA1247BD2EEFCED40015AB85 /* qlspectrumPreview.appex */;
			productType = "com.apple.product-type.app-extension";
		};
/* End PBXNativeTarget section */

/* Begin PBXProject section */
		FA1247832EEFCD5C0015AB85 /* Project object */ = {
			isa = PBXProject;
			attributes = {
				BuildIndependentTargetsInParallel = 1;
				LastSwiftUpdateCheck = 2600;
				LastUpgradeCheck = 2600;
				TargetAttributes = {
					FA12478A2EEFCD5C0015AB85 = {
						CreatedOnToolsVersion = 26.0.1;
					};
					FA1247972EEFCD5D0015AB85 = {
						CreatedOnToolsVersion = 26.0.1;
						TestTargetID = FA12478A2EEFCD5C0015AB85;
					};
					FA1247A12EEFCD5D0015AB85 = {
						CreatedOnToolsVersion = 26.0.1;
						TestTargetID = FA12478A2EEFCD5C0015AB85;
					};
					FA1247BC2EEFCED40015AB85 = {
						CreatedOnToolsVersion = 26.0.1;
					};
				};
			};
			buildConfigurationList = FA1247862EEFCD5C0015AB85 /* Build configuration list for PBXProject "qlspectrum" */;
			developmentRegion = en;
			hasScannedForEncodings = 0;
			knownRegions = (
				en,
				Base,
			);
			mainGroup = FA1247822EEFCD5C0015AB85;
			minimizedProjectReferenceProxies = 1;
			preferredProjectObjectVersion = 77;
			productRefGroup = FA12478C2EEFCD5C0015AB85 /* Products */;
			projectDirPath = "";
			projectRoot = "";
			targets = (
				FA12478A2EEFCD5C0015AB85 /* qlspectrum */,
				FA1247972EEFCD5D0015AB85 /* qlspectrumTests */,
				FA1247A12EEFCD5D0015AB85 /* qlspectrumUITests */,
				FA1247BC2EEFCED40015AB85 /* qlspectrumPreview */,
			);
		};
/* End PBXProject section */

/* Begin PBXResourcesBuildPhase section */
		FA1247892EEFCD5C0015AB85 /* Resources */ = {
			isa = PBXResourcesBuildPhase;
			buildActionMask = 2147483647;
			files = (
			);
			runOnlyForDeploymentPostprocessing = 0;
		};
		FA1247962EEFCD5D0015AB85 /* Resources */ = {
			isa = PBXResourcesBuildPhase;
			buildActionMask = 2147483647;
			files = (
			);
			runOnlyForDeploymentPostprocessing = 0;
		};
		FA1247A02EEFCD5D0015AB85 /* Resources */ = {
			isa = PBXResourcesBuildPhase;
			buildActionMask = 2147483647;
			files = (
			);
			runOnlyForDeploymentPostprocessing = 0;
		};
		FA1247BB2EEFCED40015AB85 /* Resources */ = {
			isa = PBXResourcesBuildPhase;
			buildActionMask = 2147483647;
			files = (
			);
			runOnlyForDeploymentPostprocessing = 0;
		};
/* End PBXResourcesBuildPhase section */

/* Begin PBXSourcesBuildPhase section */
		FA1247872EEFCD5C0015AB85 /* Sources */ = {
			isa = PBXSourcesBuildPhase;
			buildActionMask = 2147483647;
			files = (
			);
			runOnlyForDeploymentPostprocessing = 0;
		};
		FA1247942EEFCD5D0015AB85 /* Sources */ = {
			isa = PBXSourcesBuildPhase;
			buildActionMask = 2147483647;
			files = (
			);
			runOnlyForDeploymentPostprocessing = 0;
		};
		FA12479E2EEFCD5D0015AB85 /* Sources */ = {
			isa = PBXSourcesBuildPhase;
			buildActionMask = 2147483647;
			files = (
			);
			runOnlyForDeploymentPostprocessing = 0;
		};
		FA1247B92EEFCED40015AB85 /* Sources */ = {
			isa = PBXSourcesBuildPhase;
			buildActionMask = 2147483647;
			files = (
			);
			runOnlyForDeploymentPostprocessing = 0;
		};
/* End PBXSourcesBuildPhase section */

/* Begin PBXTargetDependency section */
		FA12479A2EEFCD5D0015AB85 /* PBXTargetDependency */ = {
			isa = PBXTargetDependency;
			target = FA12478A2EEFCD5C0015AB85 /* qlspectrum */;
			targetProxy = FA1247992EEFCD5D0015AB85 /* PBXContainerItemProxy */;
		};
		FA1247A42EEFCD5D0015AB85 /* PBXTargetDependency */ = {
			isa = PBXTargetDependency;
			target = FA12478A2EEFCD5C0015AB85 /* qlspectrum */;
			targetProxy = FA1247A32EEFCD5D0015AB85 /* PBXContainerItemProxy */;
		};
		FA1247CB2EEFCED40015AB85 /* PBXTargetDependency */ = {
			isa = PBXTargetDependency;
			target = FA1247BC2EEFCED40015AB85 /* qlspectrumPreview */;
			targetProxy = FA1247CA2EEFCED40015AB85 /* PBXContainerItemProxy */;
		};
/* End PBXTargetDependency section */

/* Begin XCBuildConfiguration section */
		FA1247AA2EEFCD5D0015AB85 /* Debug */ = {
			isa = XCBuildConfiguration;
			buildSettings = {
				ALWAYS_SEARCH_USER_PATHS = NO;
				ASSETCATALOG_COMPILER_GENERATE_SWIFT_ASSET_SYMBOL_EXTENSIONS = YES;
				CLANG_ANALYZER_NONNULL = YES;
				CLANG_ANALYZER_NUMBER_OBJECT_CONVERSION = YES_AGGRESSIVE;
				CLANG_CXX_LANGUAGE_STANDARD = "gnu++20";
				CLANG_ENABLE_MODULES = YES;
				CLANG_ENABLE_OBJC_ARC = YES;
				CLANG_ENABLE_OBJC_WEAK = YES;
				CLANG_WARN_BLOCK_CAPTURE_AUTORELEASING = YES;
				CLANG_WARN_BOOL_CONVERSION = YES;
				CLANG_WARN_COMMA = YES;
				CLANG_WARN_CONSTANT_CONVERSION = YES;
				CLANG_WARN_DEPRECATED_OBJC_IMPLEMENTATIONS = YES;
				CLANG_WARN_DIRECT_OBJC_ISA_USAGE = YES_ERROR;
				CLANG_WARN_DOCUMENTATION_COMMENTS = YES;
				CLANG_WARN_EMPTY_BODY = YES;
				CLANG_WARN_ENUM_CONVERSION = YES;
				CLANG_WARN_INFINITE_RECURSION = YES;
				CLANG_WARN_INT_CONVERSION = YES;
				CLANG_WARN_NON_LITERAL_NULL_CONVERSION = YES;
				CLANG_WARN_OBJC_IMPLICIT_RETAIN_SELF = YES;
				CLANG_WARN_OBJC_LITERAL_CONVERSION = YES;
				CLANG_WARN_OBJC_ROOT_CLASS = YES_ERROR;
				CLANG_WARN_QUOTED_INCLUDE_IN_FRAMEWORK_HEADER = YES;
				CLANG_WARN_RANGE_LOOP_ANALYSIS = YES;
				CLANG_WARN_STRICT_PROTOTYPES = YES;
				CLANG_WARN_SUSPICIOUS_MOVE = YES;
				CLANG_WARN_UNGUARDED_AVAILABILITY = YES_AGGRESSIVE;
				CLANG_WARN_UNREACHABLE_CODE = YES;
				CLANG_WARN__DUPLICATE_METHOD_MATCH = YES;
				COPY_PHASE_STRIP = NO;
				DEBUG_INFORMATION_FORMAT = dwarf;
				ENABLE_STRICT_OBJC_MSGSEND = YES;
				ENABLE_TESTABILITY = YES;
				ENABLE_USER_SCRIPT_SANDBOXING = YES;
				GCC_C_LANGUAGE_STANDARD = gnu17;
				GCC_DYNAMIC_NO_PIC = NO;
				GCC_NO_COMMON_BLOCKS = YES;
				GCC_OPTIMIZATION_LEVEL = 0;
				GCC_PREPROCESSOR_DEFINITIONS = (
					"DEBUG=1",
					"$(inherited)",
				);
				GCC_WARN_64_TO_32_BIT_CONVERSION = YES;
				GCC_WARN_ABOUT_RETURN_TYPE = YES_ERROR;
				GCC_WARN_UNDECLARED_SELECTOR = YES;
				GCC_WARN_UNINITIALIZED_AUTOS = YES_AGGRESSIVE;
				GCC_WARN_UNUSED_FUNCTION = YES;
				GCC_WARN_UNUSED_VARIABLE = YES;
				LOCALIZATION_PREFERS_STRING_CATALOGS = YES;
				MACOSX_DEPLOYMENT_TARGET = 26.0;
				MTL_ENABLE_DEBUG_INFO = INCLUDE_SOURCE;
				MTL_FAST_MATH = YES;
				ONLY_ACTIVE_ARCH = YES;
				SDKROOT = macosx;
				SWIFT_ACTIVE_COMPILATION_CONDITIONS = "DEBUG $(inherited)";
				SWIFT_OPTIMIZATION_LEVEL = "-Onone";
			};
			name = Debug;
		};
		FA1247AB2EEFCD5D0015AB85 /* Release */ = {
			isa = XCBuildConfiguration;
			buildSettings = {
				ALWAYS_SEARCH_USER_PATHS = NO;
				ASSETCATALOG_COMPILER_GENERATE_SWIFT_ASSET_SYMBOL_EXTENSIONS = YES;
				CLANG_ANALYZER_NONNULL = YES;
				CLANG_ANALYZER_NUMBER_OBJECT_CONVERSION = YES_AGGRESSIVE;
				CLANG_CXX_LANGUAGE_STANDARD = "gnu++20";
				CLANG_ENABLE_MODULES = YES;
				CLANG_ENABLE_OBJC_ARC = YES;
				CLANG_ENABLE_OBJC_WEAK = YES;
				CLANG_WARN_BLOCK_CAPTURE_AUTORELEASING = YES;
				CLANG_WARN_BOOL_CONVERSION = YES;
				CLANG_WARN_COMMA = YES;
				CLANG_WARN_CONSTANT_CONVERSION = YES;
				CLANG_WARN_DEPRECATED_OBJC_IMPLEMENTATIONS = YES;
				CLANG_WARN_DIRECT_OBJC_ISA_USAGE = YES_ERROR;
				CLANG_WARN_DOCUMENTATION_COMMENTS = YES;
				CLANG_WARN_EMPTY_BODY = YES;
				CLANG_WARN_ENUM_CONVERSION = YES;
				CLANG_WARN_INFINITE_RECURSION = YES;
				CLANG_WARN_INT_CONVERSION = YES;
				CLANG_WARN_NON_LITERAL_NULL_CONVERSION = YES;
				CLANG_WARN_OBJC_IMPLICIT_RETAIN_SELF = YES;
				CLANG_WARN_OBJC_LITERAL_CONVERSION = YES;
				CLANG_WARN_OBJC_ROOT_CLASS = YES_ERROR;
				CLANG_WARN_QUOTED_INCLUDE_IN_FRAMEWORK_HEADER = YES;
				CLANG_WARN_RANGE_LOOP_ANALYSIS = YES;
				CLANG_WARN_STRICT_PROTOTYPES = YES;
				CLANG_WARN_SUSPICIOUS_MOVE = YES;
				CLANG_WARN_UNGUARDED_AVAILABILITY = YES_AGGRESSIVE;
				CLANG_WARN_UNREACHABLE_CODE = YES;
				CLANG_WARN__DUPLICATE_METHOD_MATCH = YES;
				COPY_PHASE_STRIP = NO;
				DEBUG_INFORMATION_FORMAT = "dwarf-with-dsym";
				ENABLE_NS_ASSERTIONS = NO;
				ENABLE_STRICT_OBJC_MSGSEND = YES;
				ENABLE_USER_SCRIPT_SANDBOXING = YES;
				GCC_C_LANGUAGE_STANDARD = gnu17;
				GCC_NO_COMMON_BLOCKS = YES;
				GCC_WARN_64_TO_32_BIT_CONVERSION = YES;
				GCC_WARN_ABOUT_RETURN_TYPE = YES_ERROR;
				GCC_WARN_UNDECLARED_SELECTOR = YES;
				GCC_WARN_UNINITIALIZED_AUTOS = YES_AGGRESSIVE;
				GCC_WARN_UNUSED_FUNCTION = YES;
				GCC_WARN_UNUSED_VARIABLE = YES;
				LOCALIZATION_PREFERS_STRING_CATALOGS = YES;
				MACOSX_DEPLOYMENT_TARGET = 26.0;
				MTL_ENABLE_DEBUG_INFO = NO;
				MTL_FAST_MATH = YES;
				SDKROOT = macosx;
				SWIFT_COMPILATION_MODE = wholemodule;
			};
			name = Release;
		};
		FA1247AD2EEFCD5D0015AB85 /* Debug */ = {
			isa = XCBuildConfiguration;
			buildSettings = {
				ASSETCATALOG_COMPILER_APPICON_NAME = AppIcon;
				ASSETCATALOG_COMPILER_GLOBAL_ACCENT_COLOR_NAME = AccentColor;
				CODE_SIGN_STYLE = Automatic;
				COMBINE_HIDPI_IMAGES = YES;
				CURRENT_PROJECT_VERSION = 1;
				ENABLE_APP_SANDBOX = YES;
				ENABLE_PREVIEWS = YES;
				ENABLE_USER_SELECTED_FILES = readonly;
				GENERATE_INFOPLIST_FILE = YES;
				INFOPLIST_KEY_NSHumanReadableCopyright = "";
				LD_RUNPATH_SEARCH_PATHS = (
					"$(inherited)",
					"@executable_path/../Frameworks",
				);
				MARKETING_VERSION = 1.0;
				PRODUCT_BUNDLE_IDENTIFIER = alex.qlspectrum;
				PRODUCT_NAME = "$(TARGET_NAME)";
				REGISTER_APP_GROUPS = YES;
				STRING_CATALOG_GENERATE_SYMBOLS = YES;
				SWIFT_APPROACHABLE_CONCURRENCY = YES;
				SWIFT_DEFAULT_ACTOR_ISOLATION = MainActor;
				SWIFT_EMIT_LOC_STRINGS = YES;
				SWIFT_UPCOMING_FEATURE_MEMBER_IMPORT_VISIBILITY = YES;
				SWIFT_VERSION = 5.0;
			};
			name = Debug;
		};
		FA1247AE2EEFCD5D0015AB85 /* Release */ = {
			isa = XCBuildConfiguration;
			buildSettings = {
				ASSETCATALOG_COMPILER_APPICON_NAME = AppIcon;
				ASSETCATALOG_COMPILER_GLOBAL_ACCENT_COLOR_NAME = AccentColor;
				CODE_SIGN_STYLE = Automatic;
				COMBINE_HIDPI_IMAGES = YES;
				CURRENT_PROJECT_VERSION = 1;
				ENABLE_APP_SANDBOX = YES;
				ENABLE_PREVIEWS = YES;
				ENABLE_USER_SELECTED_FILES = readonly;
				GENERATE_INFOPLIST_FILE = YES;
				INFOPLIST_KEY_NSHumanReadableCopyright = "";
				LD_RUNPATH_SEARCH_PATHS = (
					"$(inherited)",
					"@executable_path/../Frameworks",
				);
				MARKETING_VERSION = 1.0;
				PRODUCT_BUNDLE_IDENTIFIER = alex.qlspectrum;
				PRODUCT_NAME = "$(TARGET_NAME)";
				REGISTER_APP_GROUPS = YES;
				STRING_CATALOG_GENERATE_SYMBOLS = YES;
				SWIFT_APPROACHABLE_CONCURRENCY = YES;
				SWIFT_DEFAULT_ACTOR_ISOLATION = MainActor;
				SWIFT_EMIT_LOC_STRINGS = YES;
				SWIFT_UPCOMING_FEATURE_MEMBER_IMPORT_VISIBILITY = YES;
				SWIFT_VERSION = 5.0;
			};
			name = Release;
		};
		FA1247B02EEFCD5D0015AB85 /* Debug */ = {
			isa = XCBuildConfiguration;
			buildSettings = {
				BUNDLE_LOADER = "$(TEST_HOST)";
				CODE_SIGN_STYLE = Automatic;
				CURRENT_PROJECT_VERSION = 1;
				GENERATE_INFOPLIST_FILE = YES;
				MACOSX_DEPLOYMENT_TARGET = 26.0;
				MARKETING_VERSION = 1.0;
				PRODUCT_BUNDLE_IDENTIFIER = alex.qlspectrumTests;
				PRODUCT_NAME = "$(TARGET_NAME)";
				STRING_CATALOG_GENERATE_SYMBOLS = NO;
				SWIFT_APPROACHABLE_CONCURRENCY = YES;
				SWIFT_EMIT_LOC_STRINGS = NO;
				SWIFT_UPCOMING_FEATURE_MEMBER_IMPORT_VISIBILITY = YES;
				SWIFT_VERSION = 5.0;
				TEST_HOST = "$(BUILT_PRODUCTS_DIR)/qlspectrum.app/$(BUNDLE_EXECUTABLE_FOLDER_PATH)/qlspectrum";
			};
			name = Debug;
		};
		FA1247B12EEFCD5D0015AB85 /* Release */ = {
			isa = XCBuildConfiguration;
			buildSettings = {
				BUNDLE_LOADER = "$(TEST_HOST)";
				CODE_SIGN_STYLE = Automatic;
				CURRENT_PROJECT_VERSION = 1;
				GENERATE_INFOPLIST_FILE = YES;
				MACOSX_DEPLOYMENT_TARGET = 26.0;
				MARKETING_VERSION = 1.0;
				PRODUCT_BUNDLE_IDENTIFIER = alex.qlspectrumTests;
				PRODUCT_NAME = "$(TARGET_NAME)";
				STRING_CATALOG_GENERATE_SYMBOLS = NO;
				SWIFT_APPROACHABLE_CONCURRENCY = YES;
				SWIFT_EMIT_LOC_STRINGS = NO;
				SWIFT_UPCOMING_FEATURE_MEMBER_IMPORT_VISIBILITY = YES;
				SWIFT_VERSION = 5.0;
				TEST_HOST = "$(BUILT_PRODUCTS_DIR)/qlspectrum.app/$(BUNDLE_EXECUTABLE_FOLDER_PATH)/qlspectrum";
			};
			name = Release;
		};
		FA1247B32EEFCD5D0015AB85 /* Debug */ = {
			isa = XCBuildConfiguration;
			buildSettings = {
				CODE_SIGN_STYLE = Automatic;
				CURRENT_PROJECT_VERSION = 1;
				GENERATE_INFOPLIST_FILE = YES;
				MARKETING_VERSION = 1.0;
				PRODUCT_BUNDLE_IDENTIFIER = alex.qlspectrumUITests;
				PRODUCT_NAME = "$(TARGET_NAME)";
				STRING_CATALOG_GENERATE_SYMBOLS = NO;
				SWIFT_APPROACHABLE_CONCURRENCY = YES;
				SWIFT_EMIT_LOC_STRINGS = NO;
				SWIFT_UPCOMING_FEATURE_MEMBER_IMPORT_VISIBILITY = YES;
				SWIFT_VERSION = 5.0;
				TEST_TARGET_NAME = qlspectrum;
			};
			name = Debug;
		};
		FA1247B42EEFCD5D0015AB85 /* Release */ = {
			isa = XCBuildConfiguration;
			buildSettings = {
				CODE_SIGN_STYLE = Automatic;
				CURRENT_PROJECT_VERSION = 1;
				GENERATE_INFOPLIST_FILE = YES;
				MARKETING_VERSION = 1.0;
				PRODUCT_BUNDLE_IDENTIFIER = alex.qlspectrumUITests;
				PRODUCT_NAME = "$(TARGET_NAME)";
				STRING_CATALOG_GENERATE_SYMBOLS = NO;
				SWIFT_APPROACHABLE_CONCURRENCY = YES;
				SWIFT_EMIT_LOC_STRINGS = NO;
				SWIFT_UPCOMING_FEATURE_MEMBER_IMPORT_VISIBILITY = YES;
				SWIFT_VERSION = 5.0;
				TEST_TARGET_NAME = qlspectrum;
			};
			name = Release;
		};
		FA1247CF2EEFCED40015AB85 /* Debug */ = {
			isa = XCBuildConfiguration;
			buildSettings = {
				CODE_SIGN_STYLE = Automatic;
				CURRENT_PROJECT_VERSION = 1;
				ENABLE_APP_SANDBOX = YES;
				ENABLE_USER_SELECTED_FILES = readonly;
				GENERATE_INFOPLIST_FILE = YES;
				INFOPLIST_FILE = qlspectrumPreview/Info.plist;
				INFOPLIST_KEY_CFBundleDisplayName = qlspectrumPreview;
				INFOPLIST_KEY_NSHumanReadableCopyright = "";
				LD_RUNPATH_SEARCH_PATHS = (
					"$(inherited)",
					"@executable_path/../Frameworks",
					"@executable_path/../../../../Frameworks",
				);
				MARKETING_VERSION = 1.0;
				PRODUCT_BUNDLE_IDENTIFIER = alex.qlspectrum.qlspectrumPreview;
				PRODUCT_NAME = "$(TARGET_NAME)";
				SKIP_INSTALL = YES;
				STRING_CATALOG_GENERATE_SYMBOLS = YES;
				SWIFT_APPROACHABLE_CONCURRENCY = YES;
				SWIFT_EMIT_LOC_STRINGS = YES;
				SWIFT_UPCOMING_FEATURE_MEMBER_IMPORT_VISIBILITY = YES;
				SWIFT_VERSION = 5.0;
			};
			name = Debug;
		};
		FA1247D02EEFCED40015AB85 /* Release */ = {
			isa = XCBuildConfiguration;
			buildSettings = {
				CODE_SIGN_STYLE = Automatic;
				CURRENT_PROJECT_VERSION = 1;
				ENABLE_APP_SANDBOX = YES;
				ENABLE_USER_SELECTED_FILES = readonly;
				GENERATE_INFOPLIST_FILE = YES;
				INFOPLIST_FILE = qlspectrumPreview/Info.plist;
				INFOPLIST_KEY_CFBundleDisplayName = qlspectrumPreview;
				INFOPLIST_KEY_NSHumanReadableCopyright = "";
				LD_RUNPATH_SEARCH_PATHS = (
					"$(inherited)",
					"@executable_path/../Frameworks",
					"@executable_path/../../../../Frameworks",
				);
				MARKETING_VERSION = 1.0;
				PRODUCT_BUNDLE_IDENTIFIER = alex.qlspectrum.qlspectrumPreview;
				PRODUCT_NAME = "$(TARGET_NAME)";
				SKIP_INSTALL = YES;
				STRING_CATALOG_GENERATE_SYMBOLS = YES;
				SWIFT_APPROACHABLE_CONCURRENCY = YES;
				SWIFT_EMIT_LOC_STRINGS = YES;
				SWIFT_UPCOMING_FEATURE_MEMBER_IMPORT_VISIBILITY = YES;
				SWIFT_VERSION = 5.0;
			};
			name = Release;
		};
/* End XCBuildConfiguration section */

/* Begin XCConfigurationList section */
		FA1247862EEFCD5C0015AB85 /* Build configuration list for PBXProject "qlspectrum" */ = {
			isa = XCConfigurationList;
			buildConfigurations = (
				FA1247AA2EEFCD5D0015AB85 /* Debug */,
				FA1247AB2EEFCD5D0015AB85 /* Release */,
			);
			defaultConfigurationIsVisible = 0;
			defaultConfigurationName = Release;
		};
		FA1247AC2EEFCD5D0015AB85 /* Build configuration list for PBXNativeTarget "qlspectrum" */ = {
			isa = XCConfigurationList;
			buildConfigurations = (
				FA1247AD2EEFCD5D0015AB85 /* Debug */,
				FA1247AE2EEFCD5D0015AB85 /* Release */,
			);
			defaultConfigurationIsVisible = 0;
			defaultConfigurationName = Release;
		};
		FA1247AF2EEFCD5D0015AB85 /* Build configuration list for PBXNativeTarget "qlspectrumTests" */ = {
			isa = XCConfigurationList;
			buildConfigurations = (
				FA1247B02EEFCD5D0015AB85 /* Debug */,
				FA1247B12EEFCD5D0015AB85 /* Release */,
			);
			defaultConfigurationIsVisible = 0;
			defaultConfigurationName = Release;
		};
		FA1247B22EEFCD5D0015AB85 /* Build configuration list for PBXNativeTarget "qlspectrumUITests" */ = {
			isa = XCConfigurationList;
			buildConfigurations = (
				FA1247B32EEFCD5D0015AB85 /* Debug */,
				FA1247B42EEFCD5D0015AB85 /* Release */,
			);
			defaultConfigurationIsVisible = 0;
			defaultConfigurationName = Release;
		};
		FA1247CE2EEFCED40015AB85 /* Build configuration list for PBXNativeTarget "qlspectrumPreview" */ = {
			isa = XCConfigurationList;
			buildConfigurations = (
				FA1247CF2EEFCED40015AB85 /* Debug */,
				FA1247D02EEFCED40015AB85 /* Release */,
			);
			defaultConfigurationIsVisible = 0;
			defaultConfigurationName = Release;
		};
/* End XCConfigurationList section */
	};
	rootObject = FA1247832EEFCD5C0015AB85 /* Project object */;
}
